
Microsoft Visual Studio Solution File, Format Version 12.00
# Visual Studio Version 16
VisualStudioVersion = 16.0.30804.86
MinimumVisualStudioVersion = 10.0.40219.1
Project("{FAE04EC0-301F-11D3-BF4B-00C04F79EFBC}") = "AtelierJaneCunhaWeb", "AtelierJaneCunhaWeb\AtelierJaneCunhaWeb.csproj", "{EA43A0D5-27F5-40C2-A755-56750725AF4A}"
EndProject
Project("{2150E333-8FDC-42A3-9474-1A3956D46DE8}") = "Web", "Web", "{3630C285-C93A-4A22-AEFC-F9520171F14A}"
EndProject
Project("{2150E333-8FDC-42A3-9474-1A3956D46DE8}") = "WebAPI", "WebAPI", "{A17D6138-BD97-4929-B5BA-319BE78D0DC7}"
EndProject
Global
	GlobalSection(SolutionConfigurationPlatforms) = preSolution
		Debug|Any CPU = Debug|Any CPU
		Release|Any CPU = Release|Any CPU
	EndGlobalSection
	GlobalSection(ProjectConfigurationPlatforms) = postSolution
		{EA43A0D5-27F5-40C2-A755-56750725AF4A}.Debug|Any CPU.ActiveCfg = Debug|Any CPU
		{EA43A0D5-27F5-40C2-A755-56750725AF4A}.Debug|Any CPU.Build.0 = Debug|Any CPU
		{EA43A0D5-27F5-40C2-A755-56750725AF4A}.Release|Any CPU.ActiveCfg = Release|Any CPU
		{EA43A0D5-27F5-40C2-A755-56750725AF4A}.Release|Any CPU.Build.0 = Release|Any CPU
	EndGlobalSection
	GlobalSection(SolutionProperties) = preSolution
		HideSolutionNode = FALSE
	EndGlobalSection
	GlobalSection(NestedProjects) = preSolution
		{EA43A0D5-27F5-40C2-A755-56750725AF4A} = {3630C285-C93A-4A22-AEFC-F9520171F14A}
	EndGlobalSection
	GlobalSection(ExtensibilityGlobals) = postSolution
		SolutionGuid = {19C37E69-AA05-4624-B317-07371C991176}
	EndGlobalSection
EndGlobal
